
Microsoft Visual Studio Solution File, Format Version 12.00
# Visual Studio Version 17
VisualStudioVersion = 17.12.35514.174
MinimumVisualStudioVersion = 10.0.40219.1
Project("{FAE04EC0-301F-11D3-BF4B-00C04F79EFBC}") = "vendor", "ADD_NEW_VENDOR\vendor.csproj", "{684FF63D-BD96-400A-BE11-F48B7DA019AC}"
EndProject
Project("{FAE04EC0-301F-11D3-BF4B-00C04F79EFBC}") = "Template.Domain", "Template.Domain\Template.Domain.csproj", "{7CAB95E6-A83B-43BD-B586-A6A384E243C5}"
EndProject
Project("{FAE04EC0-301F-11D3-BF4B-00C04F79EFBC}") = "Template.infrastructure", "Template.infrastructure\Template.infrastructure.csproj", "{4228C8A6-EBF2-4B7D-8D08-0995130BAF87}"
EndProject
Project("{FAE04EC0-301F-11D3-BF4B-00C04F79EFBC}") = "Template.Application", "Template.Application\Template.Application.csproj", "{7220327A-0CFC-4588-BAC9-0C91FF20DE50}"
EndProject
Global
	GlobalSection(SolutionConfigurationPlatforms) = preSolution
		Debug|Any CPU = Debug|Any CPU
		Release|Any CPU = Release|Any CPU
	EndGlobalSection
	GlobalSection(ProjectConfigurationPlatforms) = postSolution
		{684FF63D-BD96-400A-BE11-F48B7DA019AC}.Debug|Any CPU.ActiveCfg = Debug|Any CPU
		{684FF63D-BD96-400A-BE11-F48B7DA019AC}.Debug|Any CPU.Build.0 = Debug|Any CPU
		{684FF63D-BD96-400A-BE11-F48B7DA019AC}.Release|Any CPU.ActiveCfg = Release|Any CPU
		{684FF63D-BD96-400A-BE11-F48B7DA019AC}.Release|Any CPU.Build.0 = Release|Any CPU
		{7CAB95E6-A83B-43BD-B586-A6A384E243C5}.Debug|Any CPU.ActiveCfg = Debug|Any CPU
		{7CAB95E6-A83B-43BD-B586-A6A384E243C5}.Debug|Any CPU.Build.0 = Debug|Any CPU
		{7CAB95E6-A83B-43BD-B586-A6A384E243C5}.Release|Any CPU.ActiveCfg = Release|Any CPU
		{7CAB95E6-A83B-43BD-B586-A6A384E243C5}.Release|Any CPU.Build.0 = Release|Any CPU
		{4228C8A6-EBF2-4B7D-8D08-0995130BAF87}.Debug|Any CPU.ActiveCfg = Debug|Any CPU
		{4228C8A6-EBF2-4B7D-8D08-0995130BAF87}.Debug|Any CPU.Build.0 = Debug|Any CPU
		{4228C8A6-EBF2-4B7D-8D08-0995130BAF87}.Release|Any CPU.ActiveCfg = Release|Any CPU
		{4228C8A6-EBF2-4B7D-8D08-0995130BAF87}.Release|Any CPU.Build.0 = Release|Any CPU
		{7220327A-0CFC-4588-BAC9-0C91FF20DE50}.Debug|Any CPU.ActiveCfg = Debug|Any CPU
		{7220327A-0CFC-4588-BAC9-0C91FF20DE50}.Debug|Any CPU.Build.0 = Debug|Any CPU
		{7220327A-0CFC-4588-BAC9-0C91FF20DE50}.Release|Any CPU.ActiveCfg = Release|Any CPU
		{7220327A-0CFC-4588-BAC9-0C91FF20DE50}.Release|Any CPU.Build.0 = Release|Any CPU
	EndGlobalSection
	GlobalSection(SolutionProperties) = preSolution
		HideSolutionNode = FALSE
	EndGlobalSection
EndGlobal
